#MicroXplorer Configuration settings - do not modify
Mcu.Family=STM32F1
RCC.PLLSourceVirtual=RCC_PLLSOURCE_HSE
ProjectManager.MainLocation=Core/Src
RCC.MCOFreq_Value=72000000
NVIC.CAN1_RX1_IRQn=true\:0\:0\:false\:false\:true\:true\:true
ProjectManager.ProjectFileName=BluePill.ioc
Dma.USART1_TX.0.MemInc=DMA_MINC_ENABLE
PD1-OSC_OUT.Mode=HSE-External-Oscillator
Dma.USART1_TX.0.PeriphInc=DMA_PINC_DISABLE
ProjectManager.KeepUserCode=true
PA10.Mode=Asynchronous
Mcu.UserName=STM32F103C8Tx
Mcu.PinsNb=10
ProjectManager.NoMain=false
CAN.ABOM=ENABLE
PA10.GPIO_PuPd=GPIO_PULLUP
CAN.CalculateBaudRate=187500
RCC.PLLCLKFreq_Value=72000000
PC13-TAMPER-RTC.GPIOParameters=PinState,GPIO_Label
ProjectManager.functionlistsort=1-MX_GPIO_Init-GPIO-false-HAL-true,2-MX_DMA_Init-DMA-false-HAL-true,3-SystemClock_Config-RCC-false-HAL-false,4-MX_USART1_UART_Init-USART1-false-HAL-true,5-MX_CAN_Init-CAN-false-HAL-true
PC13-TAMPER-RTC.Signal=GPIO_Output
PA11.Mode=CAN_Activate
RCC.ADCFreqValue=36000000
ProjectManager.DefaultFWLocation=true
PD0-OSC_IN.Signal=RCC_OSC_IN
ProjectManager.DeletePrevious=true
USART1.IPParameters=VirtualMode,Mode
RCC.APB1CLKDivider=RCC_HCLK_DIV2
CAN.CalculateTimeBit=5333.33
PinOutPanel.RotationAngle=0
RCC.FamilyName=M
RCC.SYSCLKSource=RCC_SYSCLKSOURCE_PLLCLK
ProjectManager.StackSize=0x400
PD1-OSC_OUT.Signal=RCC_OSC_OUT
PA13.Signal=SYS_JTMS-SWDIO
Mcu.IP4=SYS
RCC.FCLKCortexFreq_Value=72000000
Mcu.IP5=USART1
Mcu.IP2=NVIC
NVIC.SVCall_IRQn=true\:0\:0\:false\:false\:true\:false\:false
Mcu.IP3=RCC
Mcu.IP0=CAN
Dma.USART1_TX.0.Priority=DMA_PRIORITY_LOW
Mcu.IP1=DMA
PA9.Mode=Asynchronous
PA12.Signal=CAN_TX
CAN.BS1=CAN_BS1_6TQ
CAN.Prescaler=24
Mcu.UserConstants=
Dma.USART1_TX.0.Direction=DMA_MEMORY_TO_PERIPH
ProjectManager.TargetToolchain=STM32CubeIDE
Mcu.ThirdPartyNb=0
RCC.HCLKFreq_Value=72000000
Mcu.IPNb=6
ProjectManager.PreviousToolchain=
RCC.APB2TimFreq_Value=72000000
PA9.Signal=USART1_TX
Dma.USART1_TX.0.RequestParameters=Instance,Direction,PeriphInc,MemInc,PeriphDataAlignment,MemDataAlignment,Mode,Priority
Mcu.Pin6=PA12
Mcu.Pin7=PA13
ProjectManager.RegisterCallBack=
PC13-TAMPER-RTC.Locked=true
Mcu.Pin8=PA14
RCC.USBFreq_Value=72000000
Mcu.Pin9=VP_SYS_VS_tim4
CAN.Mode=CAN_MODE_LOOPBACK
RCC.AHBFreq_Value=72000000
Mcu.Pin0=PC13-TAMPER-RTC
Mcu.Pin1=PD0-OSC_IN
GPIO.groupedBy=Group By Peripherals
Mcu.Pin2=PD1-OSC_OUT
PD0-OSC_IN.Mode=HSE-External-Oscillator
Mcu.Pin3=PA9
Mcu.Pin4=PA10
Mcu.Pin5=PA11
ProjectManager.ProjectBuild=false
NVIC.UsageFault_IRQn=true\:0\:0\:false\:false\:true\:false\:false
NVIC.DebugMonitor_IRQn=true\:0\:0\:false\:false\:true\:false\:false
Dma.USART1_TX.0.Mode=DMA_NORMAL
board=custom
NVIC.SysTick_IRQn=true\:0\:0\:false\:false\:true\:false\:true
ProjectManager.LastFirmware=false
PC13-TAMPER-RTC.GPIO_Label=USER_LED
RCC.PLLMUL=RCC_PLL_MUL9
RCC.VCOOutput2Freq_Value=8000000
ProjectManager.FirmwarePackage=STM32Cube FW_F1 V1.8.3
MxDb.Version=DB.6.0.21
VP_SYS_VS_tim4.Signal=SYS_VS_tim4
RCC.APB2Freq_Value=72000000
ProjectManager.BackupPrevious=false
MxCube.Version=6.2.1
PC13-TAMPER-RTC.PinState=GPIO_PIN_SET
USART1.Mode=MODE_TX_RX
PA14.Mode=Serial_Wire
NVIC.USB_LP_CAN1_RX0_IRQn=true\:0\:0\:false\:false\:true\:true\:true
CAN.NART=ENABLE
File.Version=6
PA10.GPIOParameters=GPIO_PuPd
NVIC.NonMaskableInt_IRQn=true\:0\:0\:false\:false\:true\:false\:false
CAN.IPParameters=CalculateTimeQuantum,CalculateTimeBit,CalculateBaudRate,BS1,Prescaler,AWUM,ABOM,NART,Mode
NVIC.PendSV_IRQn=true\:0\:0\:false\:false\:true\:false\:false
PA13.Mode=Serial_Wire
ProjectManager.FreePins=false
Dma.USART1_TX.0.PeriphDataAlignment=DMA_PDATAALIGN_BYTE
RCC.IPParameters=ADCFreqValue,AHBFreq_Value,APB1CLKDivider,APB1Freq_Value,APB1TimFreq_Value,APB2Freq_Value,APB2TimFreq_Value,FCLKCortexFreq_Value,FamilyName,HCLKFreq_Value,MCOFreq_Value,PLLCLKFreq_Value,PLLMCOFreq_Value,PLLMUL,PLLSourceVirtual,SYSCLKFreq_VALUE,SYSCLKSource,TimSysFreq_Value,USBFreq_Value,VCOOutput2Freq_Value
ProjectManager.AskForMigrate=true
Mcu.Name=STM32F103C(8-B)Tx
Dma.RequestsNb=1
CAN.CalculateTimeQuantum=666.6666666666667
ProjectManager.HalAssertFull=false
ProjectManager.ProjectName=BluePill
ProjectManager.UnderRoot=true
RCC.PLLMCOFreq_Value=36000000
ProjectManager.CoupleFile=false
RCC.SYSCLKFreq_VALUE=72000000
Mcu.Package=LQFP48
RCC.TimSysFreq_Value=72000000
NVIC.TimeBase=TIM4_IRQn
PA12.Mode=CAN_Activate
NVIC.ForceEnableDMAVector=true
KeepUserPlacement=false
NVIC.MemoryManagement_IRQn=true\:0\:0\:false\:false\:true\:false\:false
USART1.VirtualMode=VM_ASYNC
ProjectManager.CompilerOptimize=6
ProjectManager.ToolChainLocation=
PA11.Signal=CAN_RX
Dma.USART1_TX.0.MemDataAlignment=DMA_MDATAALIGN_BYTE
NVIC.TimeBaseIP=TIM4
PA10.Signal=USART1_RX
PA14.Signal=SYS_JTCK-SWCLK
ProjectManager.HeapSize=0x200
Dma.USART1_TX.0.Instance=DMA1_Channel4
NVIC.HardFault_IRQn=true\:0\:0\:false\:false\:true\:false\:false
VP_SYS_VS_tim4.Mode=TIM4
ProjectManager.ComputerToolchain=false
NVIC.PriorityGroup=NVIC_PRIORITYGROUP_4
RCC.APB1TimFreq_Value=72000000
NVIC.BusFault_IRQn=true\:0\:0\:false\:false\:true\:false\:false
CAN.AWUM=ENABLE
NVIC.DMA1_Channel4_IRQn=true\:0\:0\:false\:false\:true\:false\:true
NVIC.USART1_IRQn=true\:0\:0\:false\:false\:true\:true\:true
NVIC.TIM4_IRQn=true\:0\:0\:false\:false\:true\:false\:true
Dma.Request0=USART1_TX
RCC.APB1Freq_Value=36000000
ProjectManager.CustomerFirmwarePackage=
ProjectManager.DeviceId=STM32F103C8Tx
ProjectManager.LibraryCopy=1
isbadioc=false
